
Microsoft Visual Studio Solution File, Format Version 12.00
# Visual Studio Version 17
VisualStudioVersion = 17.9.34701.34
MinimumVisualStudioVersion = 10.0.40219.1
Project("{FAE04EC0-301F-11D3-BF4B-00C04F79EFBC}") = "Rival_Achmad_Firdaus_Kuis_1_Protop", "Rival_Achmad_Firdaus_Kuis_1_Protop.csproj", "{38D14787-25B0-48FD-9EFF-ACD7CFB24993}"
EndProject
Global
	GlobalSection(SolutionConfigurationPlatforms) = preSolution
		Debug|Any CPU = Debug|Any CPU
		Release|Any CPU = Release|Any CPU
	EndGlobalSection
	GlobalSection(ProjectConfigurationPlatforms) = postSolution
		{38D14787-25B0-48FD-9EFF-ACD7CFB24993}.Debug|Any CPU.ActiveCfg = Debug|Any CPU
		{38D14787-25B0-48FD-9EFF-ACD7CFB24993}.Debug|Any CPU.Build.0 = Debug|Any CPU
		{38D14787-25B0-48FD-9EFF-ACD7CFB24993}.Release|Any CPU.ActiveCfg = Release|Any CPU
		{38D14787-25B0-48FD-9EFF-ACD7CFB24993}.Release|Any CPU.Build.0 = Release|Any CPU
	EndGlobalSection
	GlobalSection(SolutionProperties) = preSolution
		HideSolutionNode = FALSE
	EndGlobalSection
	GlobalSection(ExtensibilityGlobals) = postSolution
		SolutionGuid = {D231AD42-04A1-4084-A31E-5AD572A53AA3}
	EndGlobalSection
EndGlobal
